
Microsoft Visual Studio Solution File, Format Version 12.00
# Visual Studio 14
VisualStudioVersion = 14.0.23107.0
MinimumVisualStudioVersion = 10.0.40219.1
Project("{FAE04EC0-301F-11D3-BF4B-00C04F79EFBC}") = "Northwind", "Northwind\Northwind.csproj", "{6D8BF158-D137-495B-931E-3863F6FEEFD7}"
EndProject
Project("{FAE04EC0-301F-11D3-BF4B-00C04F79EFBC}") = "datos", "datos\datos.csproj", "{4384A3E0-7F5B-4305-A44A-A03B69A87043}"
EndProject
Project("{FAE04EC0-301F-11D3-BF4B-00C04F79EFBC}") = "modelo", "modelo\modelo.csproj", "{444EE94C-6166-42EF-AEAD-C1676E4285A9}"
EndProject
Global
	GlobalSection(SolutionConfigurationPlatforms) = preSolution
		Debug|Any CPU = Debug|Any CPU
		Release|Any CPU = Release|Any CPU
	EndGlobalSection
	GlobalSection(ProjectConfigurationPlatforms) = postSolution
		{6D8BF158-D137-495B-931E-3863F6FEEFD7}.Debug|Any CPU.ActiveCfg = Debug|Any CPU
		{6D8BF158-D137-495B-931E-3863F6FEEFD7}.Debug|Any CPU.Build.0 = Debug|Any CPU
		{6D8BF158-D137-495B-931E-3863F6FEEFD7}.Release|Any CPU.ActiveCfg = Release|Any CPU
		{6D8BF158-D137-495B-931E-3863F6FEEFD7}.Release|Any CPU.Build.0 = Release|Any CPU
		{4384A3E0-7F5B-4305-A44A-A03B69A87043}.Debug|Any CPU.ActiveCfg = Debug|Any CPU
		{4384A3E0-7F5B-4305-A44A-A03B69A87043}.Debug|Any CPU.Build.0 = Debug|Any CPU
		{4384A3E0-7F5B-4305-A44A-A03B69A87043}.Release|Any CPU.ActiveCfg = Release|Any CPU
		{4384A3E0-7F5B-4305-A44A-A03B69A87043}.Release|Any CPU.Build.0 = Release|Any CPU
		{444EE94C-6166-42EF-AEAD-C1676E4285A9}.Debug|Any CPU.ActiveCfg = Debug|Any CPU
		{444EE94C-6166-42EF-AEAD-C1676E4285A9}.Debug|Any CPU.Build.0 = Debug|Any CPU
		{444EE94C-6166-42EF-AEAD-C1676E4285A9}.Release|Any CPU.ActiveCfg = Release|Any CPU
		{444EE94C-6166-42EF-AEAD-C1676E4285A9}.Release|Any CPU.Build.0 = Release|Any CPU
	EndGlobalSection
	GlobalSection(SolutionProperties) = preSolution
		HideSolutionNode = FALSE
	EndGlobalSection
EndGlobal
